
Microsoft Visual Studio Solution File, Format Version 12.00
# Visual Studio Version 16
VisualStudioVersion = 16.0.30907.101
MinimumVisualStudioVersion = 10.0.40219.1
Project("{FAE04EC0-301F-11D3-BF4B-00C04F79EFBC}") = "ConstructionCompany", "ConstructionCompany\ConstructionCompany.csproj", "{142F9FDD-5565-42AA-A16F-AA09B4E4A4EE}"
EndProject
Global
	GlobalSection(SolutionConfigurationPlatforms) = preSolution
		Debug|Any CPU = Debug|Any CPU
		Release|Any CPU = Release|Any CPU
	EndGlobalSection
	GlobalSection(ProjectConfigurationPlatforms) = postSolution
		{142F9FDD-5565-42AA-A16F-AA09B4E4A4EE}.Debug|Any CPU.ActiveCfg = Debug|Any CPU
		{142F9FDD-5565-42AA-A16F-AA09B4E4A4EE}.Debug|Any CPU.Build.0 = Debug|Any CPU
		{142F9FDD-5565-42AA-A16F-AA09B4E4A4EE}.Release|Any CPU.ActiveCfg = Release|Any CPU
		{142F9FDD-5565-42AA-A16F-AA09B4E4A4EE}.Release|Any CPU.Build.0 = Release|Any CPU
	EndGlobalSection
	GlobalSection(SolutionProperties) = preSolution
		HideSolutionNode = FALSE
	EndGlobalSection
	GlobalSection(ExtensibilityGlobals) = postSolution
		SolutionGuid = {397D6661-D7F6-46C8-8269-0E5D3A37BB2E}
	EndGlobalSection
EndGlobal
